
Microsoft Visual Studio Solution File, Format Version 12.00
# Visual Studio Version 17
VisualStudioVersion = 17.14.36109.1 d17.14
MinimumVisualStudioVersion = 10.0.40219.1
Project("{FAE04EC0-301F-11D3-BF4B-00C04F79EFBC}") = "Tarea #3 Metodos y Funciones", "Tarea #3 Metodos y Funciones.csproj", "{4BC207DF-7912-43C9-9AAC-F946B7D5B43B}"
EndProject
Global
	GlobalSection(SolutionConfigurationPlatforms) = preSolution
		Debug|Any CPU = Debug|Any CPU
		Release|Any CPU = Release|Any CPU
	EndGlobalSection
	GlobalSection(ProjectConfigurationPlatforms) = postSolution
		{4BC207DF-7912-43C9-9AAC-F946B7D5B43B}.Debug|Any CPU.ActiveCfg = Debug|Any CPU
		{4BC207DF-7912-43C9-9AAC-F946B7D5B43B}.Debug|Any CPU.Build.0 = Debug|Any CPU
		{4BC207DF-7912-43C9-9AAC-F946B7D5B43B}.Release|Any CPU.ActiveCfg = Release|Any CPU
		{4BC207DF-7912-43C9-9AAC-F946B7D5B43B}.Release|Any CPU.Build.0 = Release|Any CPU
	EndGlobalSection
	GlobalSection(SolutionProperties) = preSolution
		HideSolutionNode = FALSE
	EndGlobalSection
	GlobalSection(ExtensibilityGlobals) = postSolution
		SolutionGuid = {B58F855A-FD84-442E-BFCE-E8285770D88A}
	EndGlobalSection
EndGlobal
